
Microsoft Visual Studio Solution File, Format Version 12.00
# Visual Studio 15
VisualStudioVersion = 15.0.28307.1022
MinimumVisualStudioVersion = 10.0.40219.1
Project("{FAE04EC0-301F-11D3-BF4B-00C04F79EFBC}") = "实例8——3", "实例8——3\实例8——3.csproj", "{AD6DB23D-7C5D-493F-9221-2BF6CBE46059}"
EndProject
Global
	GlobalSection(SolutionConfigurationPlatforms) = preSolution
		Debug|Any CPU = Debug|Any CPU
		Release|Any CPU = Release|Any CPU
	EndGlobalSection
	GlobalSection(ProjectConfigurationPlatforms) = postSolution
		{AD6DB23D-7C5D-493F-9221-2BF6CBE46059}.Debug|Any CPU.ActiveCfg = Debug|Any CPU
		{AD6DB23D-7C5D-493F-9221-2BF6CBE46059}.Debug|Any CPU.Build.0 = Debug|Any CPU
		{AD6DB23D-7C5D-493F-9221-2BF6CBE46059}.Release|Any CPU.ActiveCfg = Release|Any CPU
		{AD6DB23D-7C5D-493F-9221-2BF6CBE46059}.Release|Any CPU.Build.0 = Release|Any CPU
	EndGlobalSection
	GlobalSection(SolutionProperties) = preSolution
		HideSolutionNode = FALSE
	EndGlobalSection
	GlobalSection(ExtensibilityGlobals) = postSolution
		SolutionGuid = {181A3265-6E1D-41A3-BF56-732B0D19005F}
	EndGlobalSection
EndGlobal
